// !$*UTF8*$!
{
	archiveVersion = 1;
	classes = {
	};
	objectVersion = 46;
	objects = {

/* Begin PBXBuildFile section */
		4D99B8291A2D67A900292398 /* Bolts.framework in Frameworks */ = {isa = PBXBuildFile; fileRef = 4D99B8251A2D67A900292398 /* Bolts.framework */; };
		4D99B82A1A2D67A900292398 /* Parse.framework in Frameworks */ = {isa = PBXBuildFile; fileRef = 4D99B8261A2D67A900292398 /* Parse.framework */; };
		4D99B82B1A2D67A900292398 /* ParseFacebookUtils.framework in Frameworks */ = {isa = PBXBuildFile; fileRef = 4D99B8271A2D67A900292398 /* ParseFacebookUtils.framework */; };
		4D99B82C1A2D67A900292398 /* ParseUI.framework in Frameworks */ = {isa = PBXBuildFile; fileRef = 4D99B8281A2D67A900292398 /* ParseUI.framework */; };
		846F8A35195BDFBB000401E8 /* DiningHoursViewController.m in Sources */ = {isa = PBXBuildFile; fileRef = 846F8A34195BDFBB000401E8 /* DiningHoursViewController.m */; };
		C815328F199CBDE60060D1AC /* SearchViewController.m in Sources */ = {isa = PBXBuildFile; fileRef = C815328D199CBDE60060D1AC /* SearchViewController.m */; };
		C8249D711A4BF1580070DBF2 /* EditFavoritesController.m in Sources */ = {isa = PBXBuildFile; fileRef = C8249D701A4BF1580070DBF2 /* EditFavoritesController.m */; };
		C82A56C319F45D3300233D91 /* Reachability.m in Sources */ = {isa = PBXBuildFile; fileRef = C82A56C219F45D3300233D91 /* Reachability.m */; };
		C837D62018EBFF2B003A86A8 /* MenuTableController.m in Sources */ = {isa = PBXBuildFile; fileRef = C837D61F18EBFF2B003A86A8 /* MenuTableController.m */; };
		C837D62318ECE6EE003A86A8 /* MenuLoader.m in Sources */ = {isa = PBXBuildFile; fileRef = C837D62218ECE6EE003A86A8 /* MenuLoader.m */; };
		C83E006518E9160500F3EE1B /* CoreGraphics.framework in Frameworks */ = {isa = PBXBuildFile; fileRef = C83E006418E9160500F3EE1B /* CoreGraphics.framework */; };
		C83E006718E9160500F3EE1B /* UIKit.framework in Frameworks */ = {isa = PBXBuildFile; fileRef = C83E006618E9160500F3EE1B /* UIKit.framework */; };
		C83E006D18E9160500F3EE1B /* InfoPlist.strings in Resources */ = {isa = PBXBuildFile; fileRef = C83E006B18E9160500F3EE1B /* InfoPlist.strings */; };
		C83E006F18E9160500F3EE1B /* main.m in Sources */ = {isa = PBXBuildFile; fileRef = C83E006E18E9160500F3EE1B /* main.m */; };
		C83E007318E9160500F3EE1B /* AppDelegate.m in Sources */ = {isa = PBXBuildFile; fileRef = C83E007218E9160500F3EE1B /* AppDelegate.m */; };
		C83E007918E9160600F3EE1B /* ViewController.m in Sources */ = {isa = PBXBuildFile; fileRef = C83E007818E9160600F3EE1B /* ViewController.m */; };
		C83E007B18E9160600F3EE1B /* Images.xcassets in Resources */ = {isa = PBXBuildFile; fileRef = C83E007A18E9160600F3EE1B /* Images.xcassets */; };
		C83E009D18E9167700F3EE1B /* TFHpple.m in Sources */ = {isa = PBXBuildFile; fileRef = C83E009818E9167700F3EE1B /* TFHpple.m */; };
		C83E009E18E9167700F3EE1B /* TFHppleElement.m in Sources */ = {isa = PBXBuildFile; fileRef = C83E009A18E9167700F3EE1B /* TFHppleElement.m */; };
		C83E009F18E9167700F3EE1B /* XPathQuery.m in Sources */ = {isa = PBXBuildFile; fileRef = C83E009C18E9167700F3EE1B /* XPathQuery.m */; };
		C83E00A918E916B500F3EE1B /* MenuItem.m in Sources */ = {isa = PBXBuildFile; fileRef = C83E00A218E916B500F3EE1B /* MenuItem.m */; };
		C83E00AA18E916B500F3EE1B /* Station.m in Sources */ = {isa = PBXBuildFile; fileRef = C83E00A418E916B500F3EE1B /* Station.m */; };
		C83E00AB18E916B500F3EE1B /* Meal.m in Sources */ = {isa = PBXBuildFile; fileRef = C83E00A618E916B500F3EE1B /* Meal.m */; };
		C83E00AC18E916B500F3EE1B /* DiningHall.m in Sources */ = {isa = PBXBuildFile; fileRef = C83E00A818E916B500F3EE1B /* DiningHall.m */; };
		C83E00AF18E9188E00F3EE1B /* libxml2.dylib in Frameworks */ = {isa = PBXBuildFile; fileRef = C83E00AE18E9188E00F3EE1B /* libxml2.dylib */; };
		C8463F091957E1830028E1DD /* MenuCell.m in Sources */ = {isa = PBXBuildFile; fileRef = C8463F081957E1830028E1DD /* MenuCell.m */; };
		C8463F0D195A1CCA0028E1DD /* AudioToolbox.framework in Frameworks */ = {isa = PBXBuildFile; fileRef = C8463F0C195A1CCA0028E1DD /* AudioToolbox.framework */; };
		C8463F0F195A1CD00028E1DD /* CFNetwork.framework in Frameworks */ = {isa = PBXBuildFile; fileRef = C8463F0E195A1CD00028E1DD /* CFNetwork.framework */; };
		C8463F11195A1CDF0028E1DD /* CoreLocation.framework in Frameworks */ = {isa = PBXBuildFile; fileRef = C8463F10195A1CDF0028E1DD /* CoreLocation.framework */; };
		C8463F13195A1CE90028E1DD /* libz.dylib in Frameworks */ = {isa = PBXBuildFile; fileRef = C8463F12195A1CE90028E1DD /* libz.dylib */; };
		C8463F15195A1CEF0028E1DD /* MobileCoreServices.framework in Frameworks */ = {isa = PBXBuildFile; fileRef = C8463F14195A1CEF0028E1DD /* MobileCoreServices.framework */; };
		C8463F17195A1CF60028E1DD /* QuartzCore.framework in Frameworks */ = {isa = PBXBuildFile; fileRef = C8463F16195A1CF60028E1DD /* QuartzCore.framework */; };
		C8463F19195A1CFD0028E1DD /* Security.framework in Frameworks */ = {isa = PBXBuildFile; fileRef = C8463F18195A1CFD0028E1DD /* Security.framework */; };
		C8463F1B195A1D030028E1DD /* StoreKit.framework in Frameworks */ = {isa = PBXBuildFile; fileRef = C8463F1A195A1D030028E1DD /* StoreKit.framework */; };
		C8463F1D195A1D0E0028E1DD /* SystemConfiguration.framework in Frameworks */ = {isa = PBXBuildFile; fileRef = C8463F1C195A1D0E0028E1DD /* SystemConfiguration.framework */; };
		C846DC2219C6B4F700C5B6ED /* star_filled.png in Resources */ = {isa = PBXBuildFile; fileRef = C846DC2019C6B4F700C5B6ED /* star_filled.png */; };
		C846DC2519C7E89700C5B6ED /* star_empty.png in Resources */ = {isa = PBXBuildFile; fileRef = C846DC2419C7E89700C5B6ED /* star_empty.png */; };
		C846DC2719C7ECF500C5B6ED /* star_tabBar.png in Resources */ = {isa = PBXBuildFile; fileRef = C846DC2619C7ECF500C5B6ED /* star_tabBar.png */; };
		C846DC2919C7EE5F00C5B6ED /* fav_tab@2x.png in Resources */ = {isa = PBXBuildFile; fileRef = C846DC2819C7EE5F00C5B6ED /* fav_tab@2x.png */; };
		C88904B319711015003B8588 /* Main.storyboard in Resources */ = {isa = PBXBuildFile; fileRef = C88904B119711015003B8588 /* Main.storyboard */; };
		C88904B61975542E003B8588 /* HMSegmentedControl.m in Sources */ = {isa = PBXBuildFile; fileRef = C88904B51975542E003B8588 /* HMSegmentedControl.m */; };
		C88904B819766767003B8588 /* open.png in Resources */ = {isa = PBXBuildFile; fileRef = C88904B719766767003B8588 /* open.png */; };
		C88FEB9B1979452C002AFCEB /* closed.png in Resources */ = {isa = PBXBuildFile; fileRef = C88FEB9A1979452C002AFCEB /* closed.png */; };
		C8A30BA119A9D6FC00249732 /* settingsIcon.png in Resources */ = {isa = PBXBuildFile; fileRef = C8A30BA019A9D6FC00249732 /* settingsIcon.png */; };
		C8A30BA319A9D8CA00249732 /* settingsIcon2.png in Resources */ = {isa = PBXBuildFile; fileRef = C8A30BA219A9D8CA00249732 /* settingsIcon2.png */; };
		C8A30BA719B4543500249732 /* Menu.png in Resources */ = {isa = PBXBuildFile; fileRef = C8A30BA619B4543500249732 /* Menu.png */; };
		C8A30BAB19B6ACCC00249732 /* MealType.m in Sources */ = {isa = PBXBuildFile; fileRef = C8A30BAA19B6ACCC00249732 /* MealType.m */; };
		C8A30BAD19B7165100249732 /* MenuCell.xib in Resources */ = {isa = PBXBuildFile; fileRef = C8A30BAC19B7165100249732 /* MenuCell.xib */; };
		C8A4584A19F493F00074D253 /* iAd.framework in Frameworks */ = {isa = PBXBuildFile; fileRef = C8A4584919F493F00074D253 /* iAd.framework */; };
		C8C7BADC19613F2F005C862B /* Foundation.framework in Frameworks */ = {isa = PBXBuildFile; fileRef = C83E006218E9160500F3EE1B /* Foundation.framework */; };
		C8D1B08C1962ADB300A823AA /* star_full.png in Resources */ = {isa = PBXBuildFile; fileRef = C8D1B08A1962ADB300A823AA /* star_full.png */; };
		C8D1B08D1962ADB300A823AA /* star_none.png in Resources */ = {isa = PBXBuildFile; fileRef = C8D1B08B1962ADB300A823AA /* star_none.png */; };
		C8DB022619B831160016557E /* Menu New@2x.png in Resources */ = {isa = PBXBuildFile; fileRef = C8DB022519B831160016557E /* Menu New@2x.png */; };
		C8DC4BDA1984B5C300897069 /* Hours.m in Sources */ = {isa = PBXBuildFile; fileRef = C8DC4BD91984B5C300897069 /* Hours.m */; };
		C8DC4BDD1984B64400897069 /* HourMeal.m in Sources */ = {isa = PBXBuildFile; fileRef = C8DC4BDC1984B64400897069 /* HourMeal.m */; };
		C8DC4BE01984B66600897069 /* HourHalls.m in Sources */ = {isa = PBXBuildFile; fileRef = C8DC4BDF1984B66600897069 /* HourHalls.m */; };
		C8DC4BE21989F33200897069 /* hours@2x.png in Resources */ = {isa = PBXBuildFile; fileRef = C8DC4BE11989F33100897069 /* hours@2x.png */; };
		C8DC4BE4198A58A600897069 /* hours.png in Resources */ = {isa = PBXBuildFile; fileRef = C8DC4BE3198A58A600897069 /* hours.png */; };
		C8DC4BE6198A59DF00897069 /* hours_selected.png in Resources */ = {isa = PBXBuildFile; fileRef = C8DC4BE5198A59DF00897069 /* hours_selected.png */; };
		C8DE7BC719D4004A007B45FC /* swipe_instruc.png in Resources */ = {isa = PBXBuildFile; fileRef = C8DE7BC619D4004A007B45FC /* swipe_instruc.png */; };
		C8DE7BC919D424CF007B45FC /* swipe_hand.png in Resources */ = {isa = PBXBuildFile; fileRef = C8DE7BC819D424CF007B45FC /* swipe_hand.png */; };
		C8DE7BCC19D43096007B45FC /* Bolts.framework in Frameworks */ = {isa = PBXBuildFile; fileRef = C8DE7BCA19D43096007B45FC /* Bolts.framework */; };
		C8DE7BCD19D43096007B45FC /* Parse.framework in Frameworks */ = {isa = PBXBuildFile; fileRef = C8DE7BCB19D43096007B45FC /* Parse.framework */; };
		C8EA87E21A56B8240059C853 /* NutritionFactsController.m in Sources */ = {isa = PBXBuildFile; fileRef = C8EA87E11A56B8240059C853 /* NutritionFactsController.m */; };
		C8F74B9319A89651002BCE6F /* SettingsController.m in Sources */ = {isa = PBXBuildFile; fileRef = C8F74B9219A89651002BCE6F /* SettingsController.m */; };
		C8F74B9619A89673002BCE6F /* SettingsCell.m in Sources */ = {isa = PBXBuildFile; fileRef = C8F74B9519A89673002BCE6F /* SettingsCell.m */; };
/* End PBXBuildFile section */

/* Begin PBXFileReference section */
		4D99B8251A2D67A900292398 /* Bolts.framework */ = {isa = PBXFileReference; lastKnownFileType = wrapper.framework; path = Bolts.framework; sourceTree = "<group>"; };
		4D99B8261A2D67A900292398 /* Parse.framework */ = {isa = PBXFileReference; lastKnownFileType = wrapper.framework; path = Parse.framework; sourceTree = "<group>"; };
		4D99B8271A2D67A900292398 /* ParseFacebookUtils.framework */ = {isa = PBXFileReference; lastKnownFileType = wrapper.framework; path = ParseFacebookUtils.framework; sourceTree = "<group>"; };
		4D99B8281A2D67A900292398 /* ParseUI.framework */ = {isa = PBXFileReference; lastKnownFileType = wrapper.framework; path = ParseUI.framework; sourceTree = "<group>"; };
		846F8A33195BDFBB000401E8 /* DiningHoursViewController.h */ = {isa = PBXFileReference; fileEncoding = 4; lastKnownFileType = sourcecode.c.h; path = DiningHoursViewController.h; sourceTree = "<group>"; };
		846F8A34195BDFBB000401E8 /* DiningHoursViewController.m */ = {isa = PBXFileReference; fileEncoding = 4; lastKnownFileType = sourcecode.c.objc; path = DiningHoursViewController.m; sourceTree = "<group>"; };
		C815328D199CBDE60060D1AC /* SearchViewController.m */ = {isa = PBXFileReference; fileEncoding = 4; lastKnownFileType = sourcecode.c.objc; path = SearchViewController.m; sourceTree = "<group>"; };
		C815328E199CBDE60060D1AC /* SearchViewController.h */ = {isa = PBXFileReference; fileEncoding = 4; lastKnownFileType = sourcecode.c.h; path = SearchViewController.h; sourceTree = "<group>"; };
		C8249D6F1A4BF1580070DBF2 /* EditFavoritesController.h */ = {isa = PBXFileReference; fileEncoding = 4; lastKnownFileType = sourcecode.c.h; path = EditFavoritesController.h; sourceTree = "<group>"; };
		C8249D701A4BF1580070DBF2 /* EditFavoritesController.m */ = {isa = PBXFileReference; fileEncoding = 4; lastKnownFileType = sourcecode.c.objc; path = EditFavoritesController.m; sourceTree = "<group>"; };
		C82A56C119F45D3300233D91 /* Reachability.h */ = {isa = PBXFileReference; fileEncoding = 4; lastKnownFileType = sourcecode.c.h; path = Reachability.h; sourceTree = "<group>"; };
		C82A56C219F45D3300233D91 /* Reachability.m */ = {isa = PBXFileReference; fileEncoding = 4; lastKnownFileType = sourcecode.c.objc; path = Reachability.m; sourceTree = "<group>"; };
		C837D61E18EBFF2B003A86A8 /* MenuTableController.h */ = {isa = PBXFileReference; fileEncoding = 4; lastKnownFileType = sourcecode.c.h; path = MenuTableController.h; sourceTree = "<group>"; };
		C837D61F18EBFF2B003A86A8 /* MenuTableController.m */ = {isa = PBXFileReference; fileEncoding = 4; lastKnownFileType = sourcecode.c.objc; path = MenuTableController.m; sourceTree = "<group>"; };
		C837D62118ECE6EE003A86A8 /* MenuLoader.h */ = {isa = PBXFileReference; fileEncoding = 4; lastKnownFileType = sourcecode.c.h; path = MenuLoader.h; sourceTree = "<group>"; };
		C837D62218ECE6EE003A86A8 /* MenuLoader.m */ = {isa = PBXFileReference; fileEncoding = 4; lastKnownFileType = sourcecode.c.objc; path = MenuLoader.m; sourceTree = "<group>"; };
		C83E005F18E9160500F3EE1B /* Bruin Bites.app */ = {isa = PBXFileReference; explicitFileType = wrapper.application; includeInIndex = 0; path = "Bruin Bites.app"; sourceTree = BUILT_PRODUCTS_DIR; };
		C83E006218E9160500F3EE1B /* Foundation.framework */ = {isa = PBXFileReference; lastKnownFileType = wrapper.framework; name = Foundation.framework; path = System/Library/Frameworks/Foundation.framework; sourceTree = SDKROOT; };
		C83E006418E9160500F3EE1B /* CoreGraphics.framework */ = {isa = PBXFileReference; lastKnownFileType = wrapper.framework; name = CoreGraphics.framework; path = System/Library/Frameworks/CoreGraphics.framework; sourceTree = SDKROOT; };
		C83E006618E9160500F3EE1B /* UIKit.framework */ = {isa = PBXFileReference; lastKnownFileType = wrapper.framework; name = UIKit.framework; path = System/Library/Frameworks/UIKit.framework; sourceTree = SDKROOT; };
		C83E006A18E9160500F3EE1B /* Bruin Bites-Info.plist */ = {isa = PBXFileReference; lastKnownFileType = text.plist.xml; path = "Bruin Bites-Info.plist"; sourceTree = "<group>"; };
		C83E006C18E9160500F3EE1B /* en */ = {isa = PBXFileReference; lastKnownFileType = text.plist.strings; name = en; path = en.lproj/InfoPlist.strings; sourceTree = "<group>"; };
		C83E006E18E9160500F3EE1B /* main.m */ = {isa = PBXFileReference; lastKnownFileType = sourcecode.c.objc; path = main.m; sourceTree = "<group>"; };
		C83E007018E9160500F3EE1B /* Bruin Bites-Prefix.pch */ = {isa = PBXFileReference; lastKnownFileType = sourcecode.c.h; path = "Bruin Bites-Prefix.pch"; sourceTree = "<group>"; };
		C83E007118E9160500F3EE1B /* AppDelegate.h */ = {isa = PBXFileReference; lastKnownFileType = sourcecode.c.h; path = AppDelegate.h; sourceTree = "<group>"; };
		C83E007218E9160500F3EE1B /* AppDelegate.m */ = {isa = PBXFileReference; lastKnownFileType = sourcecode.c.objc; path = AppDelegate.m; sourceTree = "<group>"; };
		C83E007718E9160600F3EE1B /* ViewController.h */ = {isa = PBXFileReference; lastKnownFileType = sourcecode.c.h; path = ViewController.h; sourceTree = "<group>"; };
		C83E007818E9160600F3EE1B /* ViewController.m */ = {isa = PBXFileReference; lastKnownFileType = sourcecode.c.objc; path = ViewController.m; sourceTree = "<group>"; };
		C83E007A18E9160600F3EE1B /* Images.xcassets */ = {isa = PBXFileReference; lastKnownFileType = folder.assetcatalog; path = Images.xcassets; sourceTree = "<group>"; };
		C83E008118E9160600F3EE1B /* XCTest.framework */ = {isa = PBXFileReference; lastKnownFileType = wrapper.framework; name = XCTest.framework; path = Library/Frameworks/XCTest.framework; sourceTree = DEVELOPER_DIR; };
		C83E008918E9160600F3EE1B /* Bruin BitesTests-Info.plist */ = {isa = PBXFileReference; lastKnownFileType = text.plist.xml; path = "Bruin BitesTests-Info.plist"; sourceTree = "<group>"; };
		C83E008B18E9160600F3EE1B /* en */ = {isa = PBXFileReference; lastKnownFileType = text.plist.strings; name = en; path = en.lproj/InfoPlist.strings; sourceTree = "<group>"; };
		C83E008D18E9160600F3EE1B /* Bruin_DiningTests.m */ = {isa = PBXFileReference; lastKnownFileType = sourcecode.c.objc; path = Bruin_DiningTests.m; sourceTree = "<group>"; };
		C83E009718E9167700F3EE1B /* TFHpple.h */ = {isa = PBXFileReference; fileEncoding = 4; lastKnownFileType = sourcecode.c.h; path = TFHpple.h; sourceTree = "<group>"; };
		C83E009818E9167700F3EE1B /* TFHpple.m */ = {isa = PBXFileReference; fileEncoding = 4; lastKnownFileType = sourcecode.c.objc; path = TFHpple.m; sourceTree = "<group>"; };
		C83E009918E9167700F3EE1B /* TFHppleElement.h */ = {isa = PBXFileReference; fileEncoding = 4; lastKnownFileType = sourcecode.c.h; path = TFHppleElement.h; sourceTree = "<group>"; };
		C83E009A18E9167700F3EE1B /* TFHppleElement.m */ = {isa = PBXFileReference; fileEncoding = 4; lastKnownFileType = sourcecode.c.objc; path = TFHppleElement.m; sourceTree = "<group>"; };
		C83E009B18E9167700F3EE1B /* XPathQuery.h */ = {isa = PBXFileReference; fileEncoding = 4; lastKnownFileType = sourcecode.c.h; path = XPathQuery.h; sourceTree = "<group>"; };
		C83E009C18E9167700F3EE1B /* XPathQuery.m */ = {isa = PBXFileReference; fileEncoding = 4; lastKnownFileType = sourcecode.c.objc; path = XPathQuery.m; sourceTree = "<group>"; };
		C83E00A118E916B500F3EE1B /* MenuItem.h */ = {isa = PBXFileReference; fileEncoding = 4; lastKnownFileType = sourcecode.c.h; path = MenuItem.h; sourceTree = "<group>"; };
		C83E00A218E916B500F3EE1B /* MenuItem.m */ = {isa = PBXFileReference; fileEncoding = 4; lastKnownFileType = sourcecode.c.objc; path = MenuItem.m; sourceTree = "<group>"; };
		C83E00A318E916B500F3EE1B /* Station.h */ = {isa = PBXFileReference; fileEncoding = 4; lastKnownFileType = sourcecode.c.h; path = Station.h; sourceTree = "<group>"; };
		C83E00A418E916B500F3EE1B /* Station.m */ = {isa = PBXFileReference; fileEncoding = 4; lastKnownFileType = sourcecode.c.objc; path = Station.m; sourceTree = "<group>"; };
		C83E00A518E916B500F3EE1B /* Meal.h */ = {isa = PBXFileReference; fileEncoding = 4; lastKnownFileType = sourcecode.c.h; path = Meal.h; sourceTree = "<group>"; };
		C83E00A618E916B500F3EE1B /* Meal.m */ = {isa = PBXFileReference; fileEncoding = 4; lastKnownFileType = sourcecode.c.objc; path = Meal.m; sourceTree = "<group>"; };
		C83E00A718E916B500F3EE1B /* DiningHall.h */ = {isa = PBXFileReference; fileEncoding = 4; lastKnownFileType = sourcecode.c.h; path = DiningHall.h; sourceTree = "<group>"; };
		C83E00A818E916B500F3EE1B /* DiningHall.m */ = {isa = PBXFileReference; fileEncoding = 4; lastKnownFileType = sourcecode.c.objc; path = DiningHall.m; sourceTree = "<group>"; };
		C83E00AE18E9188E00F3EE1B /* libxml2.dylib */ = {isa = PBXFileReference; lastKnownFileType = "compiled.mach-o.dylib"; name = libxml2.dylib; path = usr/lib/libxml2.dylib; sourceTree = SDKROOT; };
		C8463F071957E1830028E1DD /* MenuCell.h */ = {isa = PBXFileReference; fileEncoding = 4; lastKnownFileType = sourcecode.c.h; path = MenuCell.h; sourceTree = "<group>"; };
		C8463F081957E1830028E1DD /* MenuCell.m */ = {isa = PBXFileReference; fileEncoding = 4; lastKnownFileType = sourcecode.c.objc; path = MenuCell.m; sourceTree = "<group>"; };
		C8463F0C195A1CCA0028E1DD /* AudioToolbox.framework */ = {isa = PBXFileReference; lastKnownFileType = wrapper.framework; name = AudioToolbox.framework; path = System/Library/Frameworks/AudioToolbox.framework; sourceTree = SDKROOT; };
		C8463F0E195A1CD00028E1DD /* CFNetwork.framework */ = {isa = PBXFileReference; lastKnownFileType = wrapper.framework; name = CFNetwork.framework; path = System/Library/Frameworks/CFNetwork.framework; sourceTree = SDKROOT; };
		C8463F10195A1CDF0028E1DD /* CoreLocation.framework */ = {isa = PBXFileReference; lastKnownFileType = wrapper.framework; name = CoreLocation.framework; path = System/Library/Frameworks/CoreLocation.framework; sourceTree = SDKROOT; };
		C8463F12195A1CE90028E1DD /* libz.dylib */ = {isa = PBXFileReference; lastKnownFileType = "compiled.mach-o.dylib"; name = libz.dylib; path = usr/lib/libz.dylib; sourceTree = SDKROOT; };
		C8463F14195A1CEF0028E1DD /* MobileCoreServices.framework */ = {isa = PBXFileReference; lastKnownFileType = wrapper.framework; name = MobileCoreServices.framework; path = System/Library/Frameworks/MobileCoreServices.framework; sourceTree = SDKROOT; };
		C8463F16195A1CF60028E1DD /* QuartzCore.framework */ = {isa = PBXFileReference; lastKnownFileType = wrapper.framework; name = QuartzCore.framework; path = System/Library/Frameworks/QuartzCore.framework; sourceTree = SDKROOT; };
		C8463F18195A1CFD0028E1DD /* Security.framework */ = {isa = PBXFileReference; lastKnownFileType = wrapper.framework; name = Security.framework; path = System/Library/Frameworks/Security.framework; sourceTree = SDKROOT; };
		C8463F1A195A1D030028E1DD /* StoreKit.framework */ = {isa = PBXFileReference; lastKnownFileType = wrapper.framework; name = StoreKit.framework; path = System/Library/Frameworks/StoreKit.framework; sourceTree = SDKROOT; };
		C8463F1C195A1D0E0028E1DD /* SystemConfiguration.framework */ = {isa = PBXFileReference; lastKnownFileType = wrapper.framework; name = SystemConfiguration.framework; path = System/Library/Frameworks/SystemConfiguration.framework; sourceTree = SDKROOT; };
		C846DC2019C6B4F700C5B6ED /* star_filled.png */ = {isa = PBXFileReference; lastKnownFileType = image.png; name = star_filled.png; path = "Bruin Dining/star_filled.png"; sourceTree = "<group>"; };
		C846DC2419C7E89700C5B6ED /* star_empty.png */ = {isa = PBXFileReference; lastKnownFileType = image.png; path = star_empty.png; sourceTree = "<group>"; };
		C846DC2619C7ECF500C5B6ED /* star_tabBar.png */ = {isa = PBXFileReference; lastKnownFileType = image.png; path = star_tabBar.png; sourceTree = "<group>"; };
		C846DC2819C7EE5F00C5B6ED /* fav_tab@2x.png */ = {isa = PBXFileReference; lastKnownFileType = image.png; path = "fav_tab@2x.png"; sourceTree = "<group>"; };
		C88904B219711015003B8588 /* Base */ = {isa = PBXFileReference; lastKnownFileType = file.storyboard; name = Base; path = Base.lproj/Main.storyboard; sourceTree = "<group>"; };
		C88904B41975542E003B8588 /* HMSegmentedControl.h */ = {isa = PBXFileReference; fileEncoding = 4; lastKnownFileType = sourcecode.c.h; path = HMSegmentedControl.h; sourceTree = "<group>"; };
		C88904B51975542E003B8588 /* HMSegmentedControl.m */ = {isa = PBXFileReference; fileEncoding = 4; lastKnownFileType = sourcecode.c.objc; path = HMSegmentedControl.m; sourceTree = "<group>"; };
		C88904B719766767003B8588 /* open.png */ = {isa = PBXFileReference; lastKnownFileType = image.png; name = open.png; path = "Bruin Dining/open.png"; sourceTree = "<group>"; };
		C88FEB9A1979452C002AFCEB /* closed.png */ = {isa = PBXFileReference; lastKnownFileType = image.png; name = closed.png; path = "Bruin Dining/closed.png"; sourceTree = "<group>"; };
		C8A30BA019A9D6FC00249732 /* settingsIcon.png */ = {isa = PBXFileReference; lastKnownFileType = image.png; path = settingsIcon.png; sourceTree = "<group>"; };
		C8A30BA219A9D8CA00249732 /* settingsIcon2.png */ = {isa = PBXFileReference; lastKnownFileType = image.png; path = settingsIcon2.png; sourceTree = "<group>"; };
		C8A30BA619B4543500249732 /* Menu.png */ = {isa = PBXFileReference; lastKnownFileType = image.png; path = Menu.png; sourceTree = "<group>"; };
		C8A30BA819B6A91200249732 /* MealTypes.h */ = {isa = PBXFileReference; lastKnownFileType = sourcecode.c.h; path = MealTypes.h; sourceTree = "<group>"; };
		C8A30BA919B6ACCC00249732 /* MealType.h */ = {isa = PBXFileReference; fileEncoding = 4; lastKnownFileType = sourcecode.c.h; path = MealType.h; sourceTree = "<group>"; };
		C8A30BAA19B6ACCC00249732 /* MealType.m */ = {isa = PBXFileReference; fileEncoding = 4; lastKnownFileType = sourcecode.c.objc; path = MealType.m; sourceTree = "<group>"; };
		C8A30BAC19B7165100249732 /* MenuCell.xib */ = {isa = PBXFileReference; fileEncoding = 4; lastKnownFileType = file.xib; path = MenuCell.xib; sourceTree = "<group>"; };
		C8A4584919F493F00074D253 /* iAd.framework */ = {isa = PBXFileReference; lastKnownFileType = wrapper.framework; name = iAd.framework; path = System/Library/Frameworks/iAd.framework; sourceTree = SDKROOT; };
		C8D1B08A1962ADB300A823AA /* star_full.png */ = {isa = PBXFileReference; lastKnownFileType = image.png; path = star_full.png; sourceTree = "<group>"; };
		C8D1B08B1962ADB300A823AA /* star_none.png */ = {isa = PBXFileReference; lastKnownFileType = image.png; path = star_none.png; sourceTree = "<group>"; };
		C8D1B08E196B447B00A823AA /* Parse.framework */ = {isa = PBXFileReference; lastKnownFileType = wrapper.framework; path = Parse.framework; sourceTree = "<group>"; };
		C8DB022519B831160016557E /* Menu New@2x.png */ = {isa = PBXFileReference; lastKnownFileType = image.png; path = "Menu New@2x.png"; sourceTree = "<group>"; };
		C8DC4BD81984B5C300897069 /* Hours.h */ = {isa = PBXFileReference; fileEncoding = 4; lastKnownFileType = sourcecode.c.h; path = Hours.h; sourceTree = "<group>"; };
		C8DC4BD91984B5C300897069 /* Hours.m */ = {isa = PBXFileReference; fileEncoding = 4; lastKnownFileType = sourcecode.c.objc; path = Hours.m; sourceTree = "<group>"; };
		C8DC4BDB1984B64400897069 /* HourMeal.h */ = {isa = PBXFileReference; fileEncoding = 4; lastKnownFileType = sourcecode.c.h; path = HourMeal.h; sourceTree = "<group>"; };
		C8DC4BDC1984B64400897069 /* HourMeal.m */ = {isa = PBXFileReference; fileEncoding = 4; lastKnownFileType = sourcecode.c.objc; path = HourMeal.m; sourceTree = "<group>"; };
		C8DC4BDE1984B66600897069 /* HourHalls.h */ = {isa = PBXFileReference; fileEncoding = 4; lastKnownFileType = sourcecode.c.h; path = HourHalls.h; sourceTree = "<group>"; };
		C8DC4BDF1984B66600897069 /* HourHalls.m */ = {isa = PBXFileReference; fileEncoding = 4; lastKnownFileType = sourcecode.c.objc; path = HourHalls.m; sourceTree = "<group>"; };
		C8DC4BE11989F33100897069 /* hours@2x.png */ = {isa = PBXFileReference; lastKnownFileType = image.png; path = "hours@2x.png"; sourceTree = "<group>"; };
		C8DC4BE3198A58A600897069 /* hours.png */ = {isa = PBXFileReference; lastKnownFileType = image.png; path = hours.png; sourceTree = "<group>"; };
		C8DC4BE5198A59DF00897069 /* hours_selected.png */ = {isa = PBXFileReference; lastKnownFileType = image.png; path = hours_selected.png; sourceTree = "<group>"; };
		C8DE7BC619D4004A007B45FC /* swipe_instruc.png */ = {isa = PBXFileReference; lastKnownFileType = image.png; path = swipe_instruc.png; sourceTree = "<group>"; };
		C8DE7BC819D424CF007B45FC /* swipe_hand.png */ = {isa = PBXFileReference; lastKnownFileType = image.png; path = swipe_hand.png; sourceTree = "<group>"; };
		C8DE7BCA19D43096007B45FC /* Bolts.framework */ = {isa = PBXFileReference; lastKnownFileType = wrapper.framework; name = Bolts.framework; path = "../../../Downloads/parse-library-1.4.1/Bolts.framework"; sourceTree = "<group>"; };
		C8DE7BCB19D43096007B45FC /* Parse.framework */ = {isa = PBXFileReference; lastKnownFileType = wrapper.framework; name = Parse.framework; path = "../../../Downloads/parse-library-1.4.1/Parse.framework"; sourceTree = "<group>"; };
		C8EA87E01A56B8240059C853 /* NutritionFactsController.h */ = {isa = PBXFileReference; fileEncoding = 4; lastKnownFileType = sourcecode.c.h; path = NutritionFactsController.h; sourceTree = "<group>"; };
		C8EA87E11A56B8240059C853 /* NutritionFactsController.m */ = {isa = PBXFileReference; fileEncoding = 4; lastKnownFileType = sourcecode.c.objc; path = NutritionFactsController.m; sourceTree = "<group>"; };
		C8F74B9119A89651002BCE6F /* SettingsController.h */ = {isa = PBXFileReference; fileEncoding = 4; lastKnownFileType = sourcecode.c.h; path = SettingsController.h; sourceTree = "<group>"; };
		C8F74B9219A89651002BCE6F /* SettingsController.m */ = {isa = PBXFileReference; fileEncoding = 4; lastKnownFileType = sourcecode.c.objc; path = SettingsController.m; sourceTree = "<group>"; };
		C8F74B9419A89673002BCE6F /* SettingsCell.h */ = {isa = PBXFileReference; fileEncoding = 4; lastKnownFileType = sourcecode.c.h; path = SettingsCell.h; sourceTree = "<group>"; };
		C8F74B9519A89673002BCE6F /* SettingsCell.m */ = {isa = PBXFileReference; fileEncoding = 4; lastKnownFileType = sourcecode.c.objc; path = SettingsCell.m; sourceTree = "<group>"; };
/* End PBXFileReference section */

/* Begin PBXFrameworksBuildPhase section */
		C83E005C18E9160400F3EE1B /* Frameworks */ = {
			isa = PBXFrameworksBuildPhase;
			buildActionMask = 2147483647;
			files = (
				C8A4584A19F493F00074D253 /* iAd.framework in Frameworks */,
				C8DE7BCC19D43096007B45FC /* Bolts.framework in Frameworks */,
				4D99B82C1A2D67A900292398 /* ParseUI.framework in Frameworks */,
				C8DE7BCD19D43096007B45FC /* Parse.framework in Frameworks */,
				C8C7BADC19613F2F005C862B /* Foundation.framework in Frameworks */,
				C8463F1D195A1D0E0028E1DD /* SystemConfiguration.framework in Frameworks */,
				4D99B82B1A2D67A900292398 /* ParseFacebookUtils.framework in Frameworks */,
				C8463F1B195A1D030028E1DD /* StoreKit.framework in Frameworks */,
				C8463F19195A1CFD0028E1DD /* Security.framework in Frameworks */,
				C8463F17195A1CF60028E1DD /* QuartzCore.framework in Frameworks */,
				C8463F15195A1CEF0028E1DD /* MobileCoreServices.framework in Frameworks */,
				C8463F13195A1CE90028E1DD /* libz.dylib in Frameworks */,
				4D99B82A1A2D67A900292398 /* Parse.framework in Frameworks */,
				C8463F11195A1CDF0028E1DD /* CoreLocation.framework in Frameworks */,
				C83E006518E9160500F3EE1B /* CoreGraphics.framework in Frameworks */,
				4D99B8291A2D67A900292398 /* Bolts.framework in Frameworks */,
				C8463F0F195A1CD00028E1DD /* CFNetwork.framework in Frameworks */,
				C8463F0D195A1CCA0028E1DD /* AudioToolbox.framework in Frameworks */,
				C83E00AF18E9188E00F3EE1B /* libxml2.dylib in Frameworks */,
				C83E006718E9160500F3EE1B /* UIKit.framework in Frameworks */,
			);
			runOnlyForDeploymentPostprocessing = 0;
		};
/* End PBXFrameworksBuildPhase section */

/* Begin PBXGroup section */
		4D99B8241A2D67A900292398 /* parse-library-1.5.0 */ = {
			isa = PBXGroup;
			children = (
				4D99B8251A2D67A900292398 /* Bolts.framework */,
				4D99B8261A2D67A900292398 /* Parse.framework */,
				4D99B8271A2D67A900292398 /* ParseFacebookUtils.framework */,
				4D99B8281A2D67A900292398 /* ParseUI.framework */,
			);
			path = "parse-library-1.5.0";
			sourceTree = "<group>";
		};
		C83E005618E9160400F3EE1B = {
			isa = PBXGroup;
			children = (
				C8DE7BC819D424CF007B45FC /* swipe_hand.png */,
				C8DE7BC619D4004A007B45FC /* swipe_instruc.png */,
				C846DC2819C7EE5F00C5B6ED /* fav_tab@2x.png */,
				C846DC2019C6B4F700C5B6ED /* star_filled.png */,
				C846DC2419C7E89700C5B6ED /* star_empty.png */,
				C8D1B08A1962ADB300A823AA /* star_full.png */,
				C8D1B08B1962ADB300A823AA /* star_none.png */,
				C88904B719766767003B8588 /* open.png */,
				C88FEB9A1979452C002AFCEB /* closed.png */,
				C8DC4BE11989F33100897069 /* hours@2x.png */,
				C8DC4BE3198A58A600897069 /* hours.png */,
				C8A30BA619B4543500249732 /* Menu.png */,
				C8DC4BE5198A59DF00897069 /* hours_selected.png */,
				C8A30BA019A9D6FC00249732 /* settingsIcon.png */,
				C8A30BA219A9D8CA00249732 /* settingsIcon2.png */,
				C8DB022519B831160016557E /* Menu New@2x.png */,
				C846DC2619C7ECF500C5B6ED /* star_tabBar.png */,
				C82A56C119F45D3300233D91 /* Reachability.h */,
				C82A56C219F45D3300233D91 /* Reachability.m */,
				C83E00A018E9168800F3EE1B /* TFHpple */,
				C83E006818E9160500F3EE1B /* Bruin Dining */,
				C83E008718E9160600F3EE1B /* Bruin DiningTests */,
				C83E006118E9160500F3EE1B /* Frameworks */,
				C83E006018E9160500F3EE1B /* Products */,
			);
			sourceTree = "<group>";
		};
		C83E006018E9160500F3EE1B /* Products */ = {
			isa = PBXGroup;
			children = (
				C83E005F18E9160500F3EE1B /* Bruin Bites.app */,
			);
			name = Products;
			sourceTree = "<group>";
		};
		C83E006118E9160500F3EE1B /* Frameworks */ = {
			isa = PBXGroup;
			children = (
				4D99B8241A2D67A900292398 /* parse-library-1.5.0 */,
				C8A4584919F493F00074D253 /* iAd.framework */,
				C8DE7BCA19D43096007B45FC /* Bolts.framework */,
				C8DE7BCB19D43096007B45FC /* Parse.framework */,
				C8D1B08E196B447B00A823AA /* Parse.framework */,
				C8463F1C195A1D0E0028E1DD /* SystemConfiguration.framework */,
				C8463F1A195A1D030028E1DD /* StoreKit.framework */,
				C8463F18195A1CFD0028E1DD /* Security.framework */,
				C8463F16195A1CF60028E1DD /* QuartzCore.framework */,
				C8463F14195A1CEF0028E1DD /* MobileCoreServices.framework */,
				C8463F12195A1CE90028E1DD /* libz.dylib */,
				C8463F10195A1CDF0028E1DD /* CoreLocation.framework */,
				C8463F0E195A1CD00028E1DD /* CFNetwork.framework */,
				C8463F0C195A1CCA0028E1DD /* AudioToolbox.framework */,
				C83E00AE18E9188E00F3EE1B /* libxml2.dylib */,
				C83E006218E9160500F3EE1B /* Foundation.framework */,
				C83E006418E9160500F3EE1B /* CoreGraphics.framework */,
				C83E006618E9160500F3EE1B /* UIKit.framework */,
				C83E008118E9160600F3EE1B /* XCTest.framework */,
			);
			name = Frameworks;
			sourceTree = "<group>";
		};
		C83E006818E9160500F3EE1B /* Bruin Dining */ = {
			isa = PBXGroup;
			children = (
				C83E007118E9160500F3EE1B /* AppDelegate.h */,
				C83E007218E9160500F3EE1B /* AppDelegate.m */,
				C8DC4BD71984B50E00897069 /* Hours Data */,
				C83E00AD18E916C100F3EE1B /* Food Data */,
				C8DC4BD61984B4AB00897069 /* VC */,
				C837D62118ECE6EE003A86A8 /* MenuLoader.h */,
				C837D62218ECE6EE003A86A8 /* MenuLoader.m */,
				C8463F071957E1830028E1DD /* MenuCell.h */,
				C8463F081957E1830028E1DD /* MenuCell.m */,
				C8A30BAC19B7165100249732 /* MenuCell.xib */,
				C88904B41975542E003B8588 /* HMSegmentedControl.h */,
				C88904B51975542E003B8588 /* HMSegmentedControl.m */,
				C8F74B9119A89651002BCE6F /* SettingsController.h */,
				C8F74B9219A89651002BCE6F /* SettingsController.m */,
				C8249D6F1A4BF1580070DBF2 /* EditFavoritesController.h */,
				C8249D701A4BF1580070DBF2 /* EditFavoritesController.m */,
				C8F74B9419A89673002BCE6F /* SettingsCell.h */,
				C8F74B9519A89673002BCE6F /* SettingsCell.m */,
				C88904B119711015003B8588 /* Main.storyboard */,
				C83E007A18E9160600F3EE1B /* Images.xcassets */,
				C83E006918E9160500F3EE1B /* Supporting Files */,
			);
			path = "Bruin Dining";
			sourceTree = "<group>";
		};
		C83E006918E9160500F3EE1B /* Supporting Files */ = {
			isa = PBXGroup;
			children = (
				C83E006A18E9160500F3EE1B /* Bruin Bites-Info.plist */,
				C83E006B18E9160500F3EE1B /* InfoPlist.strings */,
				C83E006E18E9160500F3EE1B /* main.m */,
				C83E007018E9160500F3EE1B /* Bruin Bites-Prefix.pch */,
			);
			name = "Supporting Files";
			sourceTree = "<group>";
		};
		C83E008718E9160600F3EE1B /* Bruin DiningTests */ = {
			isa = PBXGroup;
			children = (
				C83E008D18E9160600F3EE1B /* Bruin_DiningTests.m */,
				C83E008818E9160600F3EE1B /* Supporting Files */,
			);
			path = "Bruin DiningTests";
			sourceTree = "<group>";
		};
		C83E008818E9160600F3EE1B /* Supporting Files */ = {
			isa = PBXGroup;
			children = (
				C83E008918E9160600F3EE1B /* Bruin BitesTests-Info.plist */,
				C83E008A18E9160600F3EE1B /* InfoPlist.strings */,
			);
			name = "Supporting Files";
			sourceTree = "<group>";
		};
		C83E00A018E9168800F3EE1B /* TFHpple */ = {
			isa = PBXGroup;
			children = (
				C83E009718E9167700F3EE1B /* TFHpple.h */,
				C83E009818E9167700F3EE1B /* TFHpple.m */,
				C83E009918E9167700F3EE1B /* TFHppleElement.h */,
				C83E009A18E9167700F3EE1B /* TFHppleElement.m */,
				C83E009B18E9167700F3EE1B /* XPathQuery.h */,
				C83E009C18E9167700F3EE1B /* XPathQuery.m */,
			);
			name = TFHpple;
			path = "Bruin Dining";
			sourceTree = "<group>";
		};
		C83E00AD18E916C100F3EE1B /* Food Data */ = {
			isa = PBXGroup;
			children = (
				C83E00A118E916B500F3EE1B /* MenuItem.h */,
				C83E00A218E916B500F3EE1B /* MenuItem.m */,
				C83E00A318E916B500F3EE1B /* Station.h */,
				C83E00A418E916B500F3EE1B /* Station.m */,
				C83E00A518E916B500F3EE1B /* Meal.h */,
				C83E00A618E916B500F3EE1B /* Meal.m */,
				C83E00A718E916B500F3EE1B /* DiningHall.h */,
				C83E00A818E916B500F3EE1B /* DiningHall.m */,
				C8A30BA819B6A91200249732 /* MealTypes.h */,
				C8A30BA919B6ACCC00249732 /* MealType.h */,
				C8A30BAA19B6ACCC00249732 /* MealType.m */,
			);
			name = "Food Data";
			sourceTree = "<group>";
		};
		C8DC4BD61984B4AB00897069 /* VC */ = {
			isa = PBXGroup;
			children = (
				C815328E199CBDE60060D1AC /* SearchViewController.h */,
				C815328D199CBDE60060D1AC /* SearchViewController.m */,
				C83E007718E9160600F3EE1B /* ViewController.h */,
				C83E007818E9160600F3EE1B /* ViewController.m */,
				C837D61E18EBFF2B003A86A8 /* MenuTableController.h */,
				C837D61F18EBFF2B003A86A8 /* MenuTableController.m */,
				C8EA87E01A56B8240059C853 /* NutritionFactsController.h */,
				C8EA87E11A56B8240059C853 /* NutritionFactsController.m */,
				846F8A33195BDFBB000401E8 /* DiningHoursViewController.h */,
				846F8A34195BDFBB000401E8 /* DiningHoursViewController.m */,
			);
			name = VC;
			sourceTree = "<group>";
		};
		C8DC4BD71984B50E00897069 /* Hours Data */ = {
			isa = PBXGroup;
			children = (
				C8DC4BD81984B5C300897069 /* Hours.h */,
				C8DC4BD91984B5C300897069 /* Hours.m */,
				C8DC4BDB1984B64400897069 /* HourMeal.h */,
				C8DC4BDC1984B64400897069 /* HourMeal.m */,
				C8DC4BDE1984B66600897069 /* HourHalls.h */,
				C8DC4BDF1984B66600897069 /* HourHalls.m */,
			);
			name = "Hours Data";
			sourceTree = "<group>";
		};
/* End PBXGroup section */

/* Begin PBXNativeTarget section */
		C83E005E18E9160400F3EE1B /* Bruin Bites */ = {
			isa = PBXNativeTarget;
			buildConfigurationList = C83E009118E9160600F3EE1B /* Build configuration list for PBXNativeTarget "Bruin Bites" */;
			buildPhases = (
				C83E005B18E9160400F3EE1B /* Sources */,
				C83E005C18E9160400F3EE1B /* Frameworks */,
				C83E005D18E9160400F3EE1B /* Resources */,
			);
			buildRules = (
			);
			dependencies = (
			);
			name = "Bruin Bites";
			productName = "Bruin Dining";
			productReference = C83E005F18E9160500F3EE1B /* Bruin Bites.app */;
			productType = "com.apple.product-type.application";
		};
/* End PBXNativeTarget section */

/* Begin PBXProject section */
		C83E005718E9160400F3EE1B /* Project object */ = {
			isa = PBXProject;
			attributes = {
				LastUpgradeCheck = 0510;
				ORGANIZATIONNAME = "Mahir Eusufzai";
				TargetAttributes = {
					C83E005E18E9160400F3EE1B = {
						DevelopmentTeam = Y5T38JMS29;
						SystemCapabilities = {
							com.apple.InAppPurchase = {
								enabled = 1;
							};
						};
					};
				};
			};
			buildConfigurationList = C83E005A18E9160400F3EE1B /* Build configuration list for PBXProject "Bruin Bites" */;
			compatibilityVersion = "Xcode 3.2";
			developmentRegion = English;
			hasScannedForEncodings = 0;
			knownRegions = (
				en,
				Base,
			);
			mainGroup = C83E005618E9160400F3EE1B;
			productRefGroup = C83E006018E9160500F3EE1B /* Products */;
			projectDirPath = "";
			projectRoot = "";
			targets = (
				C83E005E18E9160400F3EE1B /* Bruin Bites */,
			);
		};
/* End PBXProject section */

/* Begin PBXResourcesBuildPhase section */
		C83E005D18E9160400F3EE1B /* Resources */ = {
			isa = PBXResourcesBuildPhase;
			buildActionMask = 2147483647;
			files = (
				C8A30BA319A9D8CA00249732 /* settingsIcon2.png in Resources */,
				C846DC2719C7ECF500C5B6ED /* star_tabBar.png in Resources */,
				C8D1B08D1962ADB300A823AA /* star_none.png in Resources */,
				C8A30BAD19B7165100249732 /* MenuCell.xib in Resources */,
				C8DC4BE4198A58A600897069 /* hours.png in Resources */,
				C88904B319711015003B8588 /* Main.storyboard in Resources */,
				C846DC2919C7EE5F00C5B6ED /* fav_tab@2x.png in Resources */,
				C8DC4BE21989F33200897069 /* hours@2x.png in Resources */,
				C88904B819766767003B8588 /* open.png in Resources */,
				C8A30BA119A9D6FC00249732 /* settingsIcon.png in Resources */,
				C8D1B08C1962ADB300A823AA /* star_full.png in Resources */,
				C8DE7BC719D4004A007B45FC /* swipe_instruc.png in Resources */,
				C83E007B18E9160600F3EE1B /* Images.xcassets in Resources */,
				C88FEB9B1979452C002AFCEB /* closed.png in Resources */,
				C846DC2219C6B4F700C5B6ED /* star_filled.png in Resources */,
				C8A30BA719B4543500249732 /* Menu.png in Resources */,
				C8DB022619B831160016557E /* Menu New@2x.png in Resources */,
				C8DE7BC919D424CF007B45FC /* swipe_hand.png in Resources */,
				C846DC2519C7E89700C5B6ED /* star_empty.png in Resources */,
				C83E006D18E9160500F3EE1B /* InfoPlist.strings in Resources */,
				C8DC4BE6198A59DF00897069 /* hours_selected.png in Resources */,
			);
			runOnlyForDeploymentPostprocessing = 0;
		};
/* End PBXResourcesBuildPhase section */

/* Begin PBXSourcesBuildPhase section */
		C83E005B18E9160400F3EE1B /* Sources */ = {
			isa = PBXSourcesBuildPhase;
			buildActionMask = 2147483647;
			files = (
				C83E007918E9160600F3EE1B /* ViewController.m in Sources */,
				C83E007318E9160500F3EE1B /* AppDelegate.m in Sources */,
				C837D62018EBFF2B003A86A8 /* MenuTableController.m in Sources */,
				C8F74B9319A89651002BCE6F /* SettingsController.m in Sources */,
				C8EA87E21A56B8240059C853 /* NutritionFactsController.m in Sources */,
				C8DC4BDA1984B5C300897069 /* Hours.m in Sources */,
				C83E006F18E9160500F3EE1B /* main.m in Sources */,
				C83E00AC18E916B500F3EE1B /* DiningHall.m in Sources */,
				C815328F199CBDE60060D1AC /* SearchViewController.m in Sources */,
				C83E00A918E916B500F3EE1B /* MenuItem.m in Sources */,
				C83E009D18E9167700F3EE1B /* TFHpple.m in Sources */,
				C8F74B9619A89673002BCE6F /* SettingsCell.m in Sources */,
				C8DC4BE01984B66600897069 /* HourHalls.m in Sources */,
				C83E009F18E9167700F3EE1B /* XPathQuery.m in Sources */,
				C8463F091957E1830028E1DD /* MenuCell.m in Sources */,
				C88904B61975542E003B8588 /* HMSegmentedControl.m in Sources */,
				C837D62318ECE6EE003A86A8 /* MenuLoader.m in Sources */,
				C8A30BAB19B6ACCC00249732 /* MealType.m in Sources */,
				C8249D711A4BF1580070DBF2 /* EditFavoritesController.m in Sources */,
				C82A56C319F45D3300233D91 /* Reachability.m in Sources */,
				C8DC4BDD1984B64400897069 /* HourMeal.m in Sources */,
				C83E00AA18E916B500F3EE1B /* Station.m in Sources */,
				846F8A35195BDFBB000401E8 /* DiningHoursViewController.m in Sources */,
				C83E00AB18E916B500F3EE1B /* Meal.m in Sources */,
				C83E009E18E9167700F3EE1B /* TFHppleElement.m in Sources */,
			);
			runOnlyForDeploymentPostprocessing = 0;
		};
/* End PBXSourcesBuildPhase section */

/* Begin PBXVariantGroup section */
		C83E006B18E9160500F3EE1B /* InfoPlist.strings */ = {
			isa = PBXVariantGroup;
			children = (
				C83E006C18E9160500F3EE1B /* en */,
			);
			name = InfoPlist.strings;
			sourceTree = "<group>";
		};
		C83E008A18E9160600F3EE1B /* InfoPlist.strings */ = {
			isa = PBXVariantGroup;
			children = (
				C83E008B18E9160600F3EE1B /* en */,
			);
			name = InfoPlist.strings;
			sourceTree = "<group>";
		};
		C88904B119711015003B8588 /* Main.storyboard */ = {
			isa = PBXVariantGroup;
			children = (
				C88904B219711015003B8588 /* Base */,
			);
			name = Main.storyboard;
			sourceTree = "<group>";
		};
/* End PBXVariantGroup section */

/* Begin XCBuildConfiguration section */
		C83E008F18E9160600F3EE1B /* Debug */ = {
			isa = XCBuildConfiguration;
			buildSettings = {
				ALWAYS_SEARCH_USER_PATHS = NO;
				CLANG_CXX_LANGUAGE_STANDARD = "gnu++0x";
				CLANG_CXX_LIBRARY = "libc++";
				CLANG_ENABLE_MODULES = YES;
				CLANG_ENABLE_OBJC_ARC = YES;
				CLANG_WARN_BOOL_CONVERSION = YES;
				CLANG_WARN_CONSTANT_CONVERSION = YES;
				CLANG_WARN_DIRECT_OBJC_ISA_USAGE = YES_ERROR;
				CLANG_WARN_EMPTY_BODY = YES;
				CLANG_WARN_ENUM_CONVERSION = YES;
				CLANG_WARN_INT_CONVERSION = YES;
				CLANG_WARN_OBJC_ROOT_CLASS = YES_ERROR;
				CLANG_WARN__DUPLICATE_METHOD_MATCH = YES;
				CODE_SIGN_IDENTITY = "iPhone Distribution: Zaki Eusufzai (Y5T38JMS29)";
				"CODE_SIGN_IDENTITY[sdk=iphoneos*]" = "iPhone Distribution: Zaki Eusufzai (Y5T38JMS29)";
				COPY_PHASE_STRIP = NO;
				GCC_C_LANGUAGE_STANDARD = gnu99;
				GCC_DYNAMIC_NO_PIC = NO;
				GCC_OPTIMIZATION_LEVEL = 0;
				GCC_PREPROCESSOR_DEFINITIONS = (
					"DEBUG=1",
					"$(inherited)",
				);
				GCC_SYMBOLS_PRIVATE_EXTERN = NO;
				GCC_WARN_64_TO_32_BIT_CONVERSION = YES;
				GCC_WARN_ABOUT_RETURN_TYPE = YES_ERROR;
				GCC_WARN_UNDECLARED_SELECTOR = YES;
				GCC_WARN_UNINITIALIZED_AUTOS = YES;
				GCC_WARN_UNUSED_FUNCTION = YES;
				GCC_WARN_UNUSED_VARIABLE = YES;
				IPHONEOS_DEPLOYMENT_TARGET = 7.0;
				ONLY_ACTIVE_ARCH = YES;
				SDKROOT = iphoneos;
			};
			name = Debug;
		};
		C83E009018E9160600F3EE1B /* Release */ = {
			isa = XCBuildConfiguration;
			buildSettings = {
				ALWAYS_SEARCH_USER_PATHS = NO;
				CLANG_CXX_LANGUAGE_STANDARD = "gnu++0x";
				CLANG_CXX_LIBRARY = "libc++";
				CLANG_ENABLE_MODULES = YES;
				CLANG_ENABLE_OBJC_ARC = YES;
				CLANG_WARN_BOOL_CONVERSION = YES;
				CLANG_WARN_CONSTANT_CONVERSION = YES;
				CLANG_WARN_DIRECT_OBJC_ISA_USAGE = YES_ERROR;
				CLANG_WARN_EMPTY_BODY = YES;
				CLANG_WARN_ENUM_CONVERSION = YES;
				CLANG_WARN_INT_CONVERSION = YES;
				CLANG_WARN_OBJC_ROOT_CLASS = YES_ERROR;
				CLANG_WARN__DUPLICATE_METHOD_MATCH = YES;
				CODE_SIGN_IDENTITY = "iPhone Distribution: Zaki Eusufzai (Y5T38JMS29)";
				"CODE_SIGN_IDENTITY[sdk=iphoneos*]" = "iPhone Distribution: Zaki Eusufzai (Y5T38JMS29)";
				COPY_PHASE_STRIP = YES;
				ENABLE_NS_ASSERTIONS = NO;
				GCC_C_LANGUAGE_STANDARD = gnu99;
				GCC_WARN_64_TO_32_BIT_CONVERSION = YES;
				GCC_WARN_ABOUT_RETURN_TYPE = YES_ERROR;
				GCC_WARN_UNDECLARED_SELECTOR = YES;
				GCC_WARN_UNINITIALIZED_AUTOS = YES;
				GCC_WARN_UNUSED_FUNCTION = YES;
				GCC_WARN_UNUSED_VARIABLE = YES;
				IPHONEOS_DEPLOYMENT_TARGET = 7.0;
				SDKROOT = iphoneos;
				VALIDATE_PRODUCT = YES;
			};
			name = Release;
		};
		C83E009218E9160600F3EE1B /* Debug */ = {
			isa = XCBuildConfiguration;
			buildSettings = {
				ASSETCATALOG_COMPILER_APPICON_NAME = AppIcon;
				ASSETCATALOG_COMPILER_LAUNCHIMAGE_NAME = LaunchImage;
				CODE_SIGN_IDENTITY = "iPhone Distribution: Zaki Eusufzai (Y5T38JMS29)";
				"CODE_SIGN_IDENTITY[sdk=iphoneos*]" = "iPhone Distribution: Zaki Eusufzai (Y5T38JMS29)";
				FRAMEWORK_SEARCH_PATHS = (
					"$(inherited)",
					/Users/mahireusufzai/Desktop/xcode_projects/Bruin,
					Dining,
					/Users/Gu/Downloads,
					"$(PROJECT_DIR)",
					"/Users/mahireusufzai/Downloads/parse-library-1.4.1",
					"$(PROJECT_DIR)/parse-library-1.5.0",
				);
				GCC_PRECOMPILE_PREFIX_HEADER = YES;
				GCC_PREFIX_HEADER = "Bruin Dining/Bruin Bites-Prefix.pch";
				HEADER_SEARCH_PATHS = "$(SDKROOT)/usr/include/libxml2";
				INFOPLIST_FILE = "Bruin Dining/Bruin Bites-Info.plist";
				IPHONEOS_DEPLOYMENT_TARGET = 7.0;
				PRODUCT_NAME = "Bruin Bites";
				PROVISIONING_PROFILE = "71b62dcd-2906-44b5-92b1-5eef5ec5c70f";
				WRAPPER_EXTENSION = app;
			};
			name = Debug;
		};
		C83E009318E9160600F3EE1B /* Release */ = {
			isa = XCBuildConfiguration;
			buildSettings = {
				ASSETCATALOG_COMPILER_APPICON_NAME = AppIcon;
				ASSETCATALOG_COMPILER_LAUNCHIMAGE_NAME = LaunchImage;
				CODE_SIGN_IDENTITY = "iPhone Distribution: Zaki Eusufzai (Y5T38JMS29)";
				"CODE_SIGN_IDENTITY[sdk=iphoneos*]" = "iPhone Distribution: Zaki Eusufzai (Y5T38JMS29)";
				FRAMEWORK_SEARCH_PATHS = (
					"$(inherited)",
					/Users/mahireusufzai/Desktop/xcode_projects/Bruin,
					Dining,
					/Users/Gu/Downloads,
					"$(PROJECT_DIR)",
					"/Users/mahireusufzai/Downloads/parse-library-1.4.1",
					"$(PROJECT_DIR)/parse-library-1.5.0",
				);
				GCC_PRECOMPILE_PREFIX_HEADER = YES;
				GCC_PREFIX_HEADER = "Bruin Dining/Bruin Bites-Prefix.pch";
				HEADER_SEARCH_PATHS = "$(SDKROOT)/usr/include/libxml2";
				INFOPLIST_FILE = "Bruin Dining/Bruin Bites-Info.plist";
				IPHONEOS_DEPLOYMENT_TARGET = 7.0;
				PRODUCT_NAME = "Bruin Bites";
				PROVISIONING_PROFILE = "71b62dcd-2906-44b5-92b1-5eef5ec5c70f";
				WRAPPER_EXTENSION = app;
			};
			name = Release;
		};
		C8D7604F19E2436100E592D6 /* Distribution */ = {
			isa = XCBuildConfiguration;
			buildSettings = {
				ALWAYS_SEARCH_USER_PATHS = NO;
				CLANG_CXX_LANGUAGE_STANDARD = "gnu++0x";
				CLANG_CXX_LIBRARY = "libc++";
				CLANG_ENABLE_MODULES = YES;
				CLANG_ENABLE_OBJC_ARC = YES;
				CLANG_WARN_BOOL_CONVERSION = YES;
				CLANG_WARN_CONSTANT_CONVERSION = YES;
				CLANG_WARN_DIRECT_OBJC_ISA_USAGE = YES_ERROR;
				CLANG_WARN_EMPTY_BODY = YES;
				CLANG_WARN_ENUM_CONVERSION = YES;
				CLANG_WARN_INT_CONVERSION = YES;
				CLANG_WARN_OBJC_ROOT_CLASS = YES_ERROR;
				CLANG_WARN__DUPLICATE_METHOD_MATCH = YES;
				CODE_SIGN_IDENTITY = "iPhone Distribution: Zaki Eusufzai (Y5T38JMS29)";
				"CODE_SIGN_IDENTITY[sdk=iphoneos*]" = "iPhone Distribution: Zaki Eusufzai (Y5T38JMS29)";
				COPY_PHASE_STRIP = YES;
				ENABLE_NS_ASSERTIONS = NO;
				GCC_C_LANGUAGE_STANDARD = gnu99;
				GCC_WARN_64_TO_32_BIT_CONVERSION = YES;
				GCC_WARN_ABOUT_RETURN_TYPE = YES_ERROR;
				GCC_WARN_UNDECLARED_SELECTOR = YES;
				GCC_WARN_UNINITIALIZED_AUTOS = YES;
				GCC_WARN_UNUSED_FUNCTION = YES;
				GCC_WARN_UNUSED_VARIABLE = YES;
				IPHONEOS_DEPLOYMENT_TARGET = 7.0;
				SDKROOT = iphoneos;
				VALIDATE_PRODUCT = YES;
			};
			name = Distribution;
		};
		C8D7605019E2436100E592D6 /* Distribution */ = {
			isa = XCBuildConfiguration;
			buildSettings = {
				ASSETCATALOG_COMPILER_APPICON_NAME = AppIcon;
				ASSETCATALOG_COMPILER_LAUNCHIMAGE_NAME = LaunchImage;
				CODE_SIGN_IDENTITY = "iPhone Distribution: Zaki Eusufzai (Y5T38JMS29)";
				"CODE_SIGN_IDENTITY[sdk=iphoneos*]" = "iPhone Distribution: Zaki Eusufzai (Y5T38JMS29)";
				FRAMEWORK_SEARCH_PATHS = (
					"$(inherited)",
					/Users/mahireusufzai/Desktop/xcode_projects/Bruin,
					Dining,
					/Users/Gu/Downloads,
					"$(PROJECT_DIR)",
					"/Users/mahireusufzai/Downloads/parse-library-1.4.1",
					"$(PROJECT_DIR)/parse-library-1.5.0",
				);
				GCC_PRECOMPILE_PREFIX_HEADER = YES;
				GCC_PREFIX_HEADER = "Bruin Dining/Bruin Bites-Prefix.pch";
				HEADER_SEARCH_PATHS = "$(SDKROOT)/usr/include/libxml2";
				INFOPLIST_FILE = "Bruin Dining/Bruin Bites-Info.plist";
				IPHONEOS_DEPLOYMENT_TARGET = 7.0;
				PRODUCT_NAME = "Bruin Bites";
				PROVISIONING_PROFILE = "71b62dcd-2906-44b5-92b1-5eef5ec5c70f";
				WRAPPER_EXTENSION = app;
			};
			name = Distribution;
		};
/* End XCBuildConfiguration section */

/* Begin XCConfigurationList section */
		C83E005A18E9160400F3EE1B /* Build configuration list for PBXProject "Bruin Bites" */ = {
			isa = XCConfigurationList;
			buildConfigurations = (
				C83E008F18E9160600F3EE1B /* Debug */,
				C83E009018E9160600F3EE1B /* Release */,
				C8D7604F19E2436100E592D6 /* Distribution */,
			);
			defaultConfigurationIsVisible = 0;
			defaultConfigurationName = Release;
		};
		C83E009118E9160600F3EE1B /* Build configuration list for PBXNativeTarget "Bruin Bites" */ = {
			isa = XCConfigurationList;
			buildConfigurations = (
				C83E009218E9160600F3EE1B /* Debug */,
				C83E009318E9160600F3EE1B /* Release */,
				C8D7605019E2436100E592D6 /* Distribution */,
			);
			defaultConfigurationIsVisible = 0;
			defaultConfigurationName = Release;
		};
/* End XCConfigurationList section */
	};
	rootObject = C83E005718E9160400F3EE1B /* Project object */;
}
